// !$*UTF8*$!
{
	archiveVersion = 1;
	classes = {
	};
	objectVersion = 56;
	objects = {

/* Begin PBXBuildFile section */
		0D3CDFAF2AB4EB6300B490CB /* AppDelegate.swift in Sources */ = {isa = PBXBuildFile; fileRef = 0D3CDFAE2AB4EB6300B490CB /* AppDelegate.swift */; };
		0D3CDFB12AB4EB6300B490CB /* SceneDelegate.swift in Sources */ = {isa = PBXBuildFile; fileRef = 0D3CDFB02AB4EB6300B490CB /* SceneDelegate.swift */; };
		0D3CDFB32AB4EB6300B490CB /* ViewController.swift in Sources */ = {isa = PBXBuildFile; fileRef = 0D3CDFB22AB4EB6300B490CB /* ViewController.swift */; };
		0D3CDFB62AB4EB6300B490CB /* Main.storyboard in Resources */ = {isa = PBXBuildFile; fileRef = 0D3CDFB42AB4EB6300B490CB /* Main.storyboard */; };
		0D3CDFB82AB4EB6500B490CB /* Assets.xcassets in Resources */ = {isa = PBXBuildFile; fileRef = 0D3CDFB72AB4EB6500B490CB /* Assets.xcassets */; };
		0D3CDFBB2AB4EB6500B490CB /* LaunchScreen.storyboard in Resources */ = {isa = PBXBuildFile; fileRef = 0D3CDFB92AB4EB6500B490CB /* LaunchScreen.storyboard */; };
		0D3CDFC62AB4EB6500B490CB /* exampleTests.swift in Sources */ = {isa = PBXBuildFile; fileRef = 0D3CDFC52AB4EB6500B490CB /* exampleTests.swift */; };
		0D3CDFD02AB4EB6500B490CB /* exampleUITests.swift in Sources */ = {isa = PBXBuildFile; fileRef = 0D3CDFCF2AB4EB6500B490CB /* exampleUITests.swift */; };
		0D3CDFD22AB4EB6500B490CB /* exampleUITestsLaunchTests.swift in Sources */ = {isa = PBXBuildFile; fileRef = 0D3CDFD12AB4EB6500B490CB /* exampleUITestsLaunchTests.swift */; };
/* End PBXBuildFile section */

/* Begin PBXContainerItemProxy section */
		0D3CDFC22AB4EB6500B490CB /* PBXContainerItemProxy */ = {
			isa = PBXContainerItemProxy;
			containerPortal = 0D3CDFA32AB4EB6300B490CB /* Project object */;
			proxyType = 1;
			remoteGlobalIDString = 0D3CDFAA2AB4EB6300B490CB;
			remoteInfo = example;
		};
		0D3CDFCC2AB4EB6500B490CB /* PBXContainerItemProxy */ = {
			isa = PBXContainerItemProxy;
			containerPortal = 0D3CDFA32AB4EB6300B490CB /* Project object */;
			proxyType = 1;
			remoteGlobalIDString = 0D3CDFAA2AB4EB6300B490CB;
			remoteInfo = example;
		};
/* End PBXContainerItemProxy section */

/* Begin PBXFileReference section */
		0D3CDFAB2AB4EB6300B490CB /* example.app */ = {isa = PBXFileReference; explicitFileType = wrapper.application; includeInIndex = 0; path = example.app; sourceTree = BUILT_PRODUCTS_DIR; };
		0D3CDFAE2AB4EB6300B490CB /* AppDelegate.swift */ = {isa = PBXFileReference; lastKnownFileType = sourcecode.swift; path = AppDelegate.swift; sourceTree = "<group>"; };
		0D3CDFB02AB4EB6300B490CB /* SceneDelegate.swift */ = {isa = PBXFileReference; lastKnownFileType = sourcecode.swift; path = SceneDelegate.swift; sourceTree = "<group>"; };
		0D3CDFB22AB4EB6300B490CB /* ViewController.swift */ = {isa = PBXFileReference; lastKnownFileType = sourcecode.swift; path = ViewController.swift; sourceTree = "<group>"; };
		0D3CDFB52AB4EB6300B490CB /* Base */ = {isa = PBXFileReference; lastKnownFileType = file.storyboard; name = Base; path = Base.lproj/Main.storyboard; sourceTree = "<group>"; };
		0D3CDFB72AB4EB6500B490CB /* Assets.xcassets */ = {isa = PBXFileReference; lastKnownFileType = folder.assetcatalog; path = Assets.xcassets; sourceTree = "<group>"; };
		0D3CDFBA2AB4EB6500B490CB /* Base */ = {isa = PBXFileReference; lastKnownFileType = file.storyboard; name = Base; path = Base.lproj/LaunchScreen.storyboard; sourceTree = "<group>"; };
		0D3CDFBC2AB4EB6500B490CB /* Info.plist */ = {isa = PBXFileReference; lastKnownFileType = text.plist.xml; path = Info.plist; sourceTree = "<group>"; };
		0D3CDFC12AB4EB6500B490CB /* exampleTests.xctest */ = {isa = PBXFileReference; explicitFileType = wrapper.cfbundle; includeInIndex = 0; path = exampleTests.xctest; sourceTree = BUILT_PRODUCTS_DIR; };
		0D3CDFC52AB4EB6500B490CB /* exampleTests.swift */ = {isa = PBXFileReference; lastKnownFileType = sourcecode.swift; path = exampleTests.swift; sourceTree = "<group>"; };
		0D3CDFCB2AB4EB6500B490CB /* exampleUITests.xctest */ = {isa = PBXFileReference; explicitFileType = wrapper.cfbundle; includeInIndex = 0; path = exampleUITests.xctest; sourceTree = BUILT_PRODUCTS_DIR; };
		0D3CDFCF2AB4EB6500B490CB /* exampleUITests.swift */ = {isa = PBXFileReference; lastKnownFileType = sourcecode.swift; path = exampleUITests.swift; sourceTree = "<group>"; };
		0D3CDFD12AB4EB6500B490CB /* exampleUITestsLaunchTests.swift */ = {isa = PBXFileReference; lastKnownFileType = sourcecode.swift; path = exampleUITestsLaunchTests.swift; sourceTree = "<group>"; };
/* End PBXFileReference section */

/* Begin PBXFrameworksBuildPhase section */
		0D3CDFA82AB4EB6300B490CB /* Frameworks */ = {
			isa = PBXFrameworksBuildPhase;
			buildActionMask = 2147483647;
			files = (
			);
			runOnlyForDeploymentPostprocessing = 0;
		};
		0D3CDFBE2AB4EB6500B490CB /* Frameworks */ = {
			isa = PBXFrameworksBuildPhase;
			buildActionMask = 2147483647;
			files = (
			);
			runOnlyForDeploymentPostprocessing = 0;
		};
		0D3CDFC82AB4EB6500B490CB /* Frameworks */ = {
			isa = PBXFrameworksBuildPhase;
			buildActionMask = 2147483647;
			files = (
			);
			runOnlyForDeploymentPostprocessing = 0;
		};
/* End PBXFrameworksBuildPhase section */

/* Begin PBXGroup section */
		0D3CDFA22AB4EB6300B490CB = {
			isa = PBXGroup;
			children = (
				0D3CDFAD2AB4EB6300B490CB /* example */,
				0D3CDFC42AB4EB6500B490CB /* exampleTests */,
				0D3CDFCE2AB4EB6500B490CB /* exampleUITests */,
				0D3CDFAC2AB4EB6300B490CB /* Products */,
			);
			sourceTree = "<group>";
		};
		0D3CDFAC2AB4EB6300B490CB /* Products */ = {
			isa = PBXGroup;
			children = (
				0D3CDFAB2AB4EB6300B490CB /* example.app */,
				0D3CDFC12AB4EB6500B490CB /* exampleTests.xctest */,
				0D3CDFCB2AB4EB6500B490CB /* exampleUITests.xctest */,
			);
			name = Products;
			sourceTree = "<group>";
		};
		0D3CDFAD2AB4EB6300B490CB /* example */ = {
			isa = PBXGroup;
			children = (
				0D3CDFAE2AB4EB6300B490CB /* AppDelegate.swift */,
				0D3CDFB02AB4EB6300B490CB /* SceneDelegate.swift */,
				0D3CDFB22AB4EB6300B490CB /* ViewController.swift */,
				0D3CDFB42AB4EB6300B490CB /* Main.storyboard */,
				0D3CDFB72AB4EB6500B490CB /* Assets.xcassets */,
				0D3CDFB92AB4EB6500B490CB /* LaunchScreen.storyboard */,
				0D3CDFBC2AB4EB6500B490CB /* Info.plist */,
			);
			path = example;
			sourceTree = "<group>";
		};
		0D3CDFC42AB4EB6500B490CB /* exampleTests */ = {
			isa = PBXGroup;
			children = (
				0D3CDFC52AB4EB6500B490CB /* exampleTests.swift */,
			);
			path = exampleTests;
			sourceTree = "<group>";
		};
		0D3CDFCE2AB4EB6500B490CB /* exampleUITests */ = {
			isa = PBXGroup;
			children = (
				0D3CDFCF2AB4EB6500B490CB /* exampleUITests.swift */,
				0D3CDFD12AB4EB6500B490CB /* exampleUITestsLaunchTests.swift */,
			);
			path = exampleUITests;
			sourceTree = "<group>";
		};
/* End PBXGroup section */

/* Begin PBXNativeTarget section */
		0D3CDFAA2AB4EB6300B490CB /* example */ = {
			isa = PBXNativeTarget;
			buildConfigurationList = 0D3CDFD52AB4EB6500B490CB /* Build configuration list for PBXNativeTarget "example" */;
			buildPhases = (
				0D3CDFA72AB4EB6300B490CB /* Sources */,
				0D3CDFA82AB4EB6300B490CB /* Frameworks */,
				0D3CDFA92AB4EB6300B490CB /* Resources */,
			);
			buildRules = (
			);
			dependencies = (
			);
			name = example;
			productName = example;
			productReference = 0D3CDFAB2AB4EB6300B490CB /* example.app */;
			productType = "com.apple.product-type.application";
		};
		0D3CDFC02AB4EB6500B490CB /* exampleTests */ = {
			isa = PBXNativeTarget;
			buildConfigurationList = 0D3CDFD82AB4EB6500B490CB /* Build configuration list for PBXNativeTarget "exampleTests" */;
			buildPhases = (
				0D3CDFBD2AB4EB6500B490CB /* Sources */,
				0D3CDFBE2AB4EB6500B490CB /* Frameworks */,
				0D3CDFBF2AB4EB6500B490CB /* Resources */,
			);
			buildRules = (
			);
			dependencies = (
				0D3CDFC32AB4EB6500B490CB /* PBXTargetDependency */,
			);
			name = exampleTests;
			productName = exampleTests;
			productReference = 0D3CDFC12AB4EB6500B490CB /* exampleTests.xctest */;
			productType = "com.apple.product-type.bundle.unit-test";
		};
		0D3CDFCA2AB4EB6500B490CB /* exampleUITests */ = {
			isa = PBXNativeTarget;
			buildConfigurationList = 0D3CDFDB2AB4EB6500B490CB /* Build configuration list for PBXNativeTarget "exampleUITests" */;
			buildPhases = (
				0D3CDFC72AB4EB6500B490CB /* Sources */,
				0D3CDFC82AB4EB6500B490CB /* Frameworks */,
				0D3CDFC92AB4EB6500B490CB /* Resources */,
			);
			buildRules = (
			);
			dependencies = (
				0D3CDFCD2AB4EB6500B490CB /* PBXTargetDependency */,
			);
			name = exampleUITests;
			productName = exampleUITests;
			productReference = 0D3CDFCB2AB4EB6500B490CB /* exampleUITests.xctest */;
			productType = "com.apple.product-type.bundle.ui-testing";
		};
/* End PBXNativeTarget section */

/* Begin PBXProject section */
		0D3CDFA32AB4EB6300B490CB /* Project object */ = {
			isa = PBXProject;
			attributes = {
				BuildIndependentTargetsInParallel = 1;
				LastSwiftUpdateCheck = 1430;
				LastUpgradeCheck = 1430;
				TargetAttributes = {
					0D3CDFAA2AB4EB6300B490CB = {
						CreatedOnToolsVersion = 14.3.1;
					};
					0D3CDFC02AB4EB6500B490CB = {
						CreatedOnToolsVersion = 14.3.1;
						TestTargetID = 0D3CDFAA2AB4EB6300B490CB;
					};
					0D3CDFCA2AB4EB6500B490CB = {
						CreatedOnToolsVersion = 14.3.1;
						TestTargetID = 0D3CDFAA2AB4EB6300B490CB;
					};
				};
			};
			buildConfigurationList = 0D3CDFA62AB4EB6300B490CB /* Build configuration list for PBXProject "example" */;
			compatibilityVersion = "Xcode 14.0";
			developmentRegion = en;
			hasScannedForEncodings = 0;
			knownRegions = (
				en,
				Base,
			);
			mainGroup = 0D3CDFA22AB4EB6300B490CB;
			productRefGroup = 0D3CDFAC2AB4EB6300B490CB /* Products */;
			projectDirPath = "";
			projectRoot = "";
			targets = (
				0D3CDFAA2AB4EB6300B490CB /* example */,
				0D3CDFC02AB4EB6500B490CB /* exampleTests */,
				0D3CDFCA2AB4EB6500B490CB /* exampleUITests */,
			);
		};
/* End PBXProject section */

/* Begin PBXResourcesBuildPhase section */
		0D3CDFA92AB4EB6300B490CB /* Resources */ = {
			isa = PBXResourcesBuildPhase;
			buildActionMask = 2147483647;
			files = (
				0D3CDFBB2AB4EB6500B490CB /* LaunchScreen.storyboard in Resources */,
				0D3CDFB82AB4EB6500B490CB /* Assets.xcassets in Resources */,
				0D3CDFB62AB4EB6300B490CB /* Main.storyboard in Resources */,
			);
			runOnlyForDeploymentPostprocessing = 0;
		};
		0D3CDFBF2AB4EB6500B490CB /* Resources */ = {
			isa = PBXResourcesBuildPhase;
			buildActionMask = 2147483647;
			files = (
			);
			runOnlyForDeploymentPostprocessing = 0;
		};
		0D3CDFC92AB4EB6500B490CB /* Resources */ = {
			isa = PBXResourcesBuildPhase;
			buildActionMask = 2147483647;
			files = (
			);
			runOnlyForDeploymentPostprocessing = 0;
		};
/* End PBXResourcesBuildPhase section */

/* Begin PBXSourcesBuildPhase section */
		0D3CDFA72AB4EB6300B490CB /* Sources */ = {
			isa = PBXSourcesBuildPhase;
			buildActionMask = 2147483647;
			files = (
				0D3CDFB32AB4EB6300B490CB /* ViewController.swift in Sources */,
				0D3CDFAF2AB4EB6300B490CB /* AppDelegate.swift in Sources */,
				0D3CDFB12AB4EB6300B490CB /* SceneDelegate.swift in Sources */,
			);
			runOnlyForDeploymentPostprocessing = 0;
		};
		0D3CDFBD2AB4EB6500B490CB /* Sources */ = {
			isa = PBXSourcesBuildPhase;
			buildActionMask = 2147483647;
			files = (
				0D3CDFC62AB4EB6500B490CB /* exampleTests.swift in Sources */,
			);
			runOnlyForDeploymentPostprocessing = 0;
		};
		0D3CDFC72AB4EB6500B490CB /* Sources */ = {
			isa = PBXSourcesBuildPhase;
			buildActionMask = 2147483647;
			files = (
				0D3CDFD02AB4EB6500B490CB /* exampleUITests.swift in Sources */,
				0D3CDFD22AB4EB6500B490CB /* exampleUITestsLaunchTests.swift in Sources */,
			);
			runOnlyForDeploymentPostprocessing = 0;
		};
/* End PBXSourcesBuildPhase section */

/* Begin PBXTargetDependency section */
		0D3CDFC32AB4EB6500B490CB /* PBXTargetDependency */ = {
			isa = PBXTargetDependency;
			target = 0D3CDFAA2AB4EB6300B490CB /* example */;
			targetProxy = 0D3CDFC22AB4EB6500B490CB /* PBXContainerItemProxy */;
		};
		0D3CDFCD2AB4EB6500B490CB /* PBXTargetDependency */ = {
			isa = PBXTargetDependency;
			target = 0D3CDFAA2AB4EB6300B490CB /* example */;
			targetProxy = 0D3CDFCC2AB4EB6500B490CB /* PBXContainerItemProxy */;
		};
/* End PBXTargetDependency section */

/* Begin PBXVariantGroup section */
		0D3CDFB42AB4EB6300B490CB /* Main.storyboard */ = {
			isa = PBXVariantGroup;
			children = (
				0D3CDFB52AB4EB6300B490CB /* Base */,
			);
			name = Main.storyboard;
			sourceTree = "<group>";
		};
		0D3CDFB92AB4EB6500B490CB /* LaunchScreen.storyboard */ = {
			isa = PBXVariantGroup;
			children = (
				0D3CDFBA2AB4EB6500B490CB /* Base */,
			);
			name = LaunchScreen.storyboard;
			sourceTree = "<group>";
		};
/* End PBXVariantGroup section */

/* Begin XCBuildConfiguration section */
		0D3CDFD32AB4EB6500B490CB /* Debug */ = {
			isa = XCBuildConfiguration;
			buildSettings = {
				ALWAYS_SEARCH_USER_PATHS = NO;
				CLANG_ANALYZER_NONNULL = YES;
				CLANG_ANALYZER_NUMBER_OBJECT_CONVERSION = YES_AGGRESSIVE;
				CLANG_CXX_LANGUAGE_STANDARD = "gnu++20";
				CLANG_ENABLE_MODULES = YES;
				CLANG_ENABLE_OBJC_ARC = YES;
				CLANG_ENABLE_OBJC_WEAK = YES;
				CLANG_WARN_BLOCK_CAPTURE_AUTORELEASING = YES;
				CLANG_WARN_BOOL_CONVERSION = YES;
				CLANG_WARN_COMMA = YES;
				CLANG_WARN_CONSTANT_CONVERSION = YES;
				CLANG_WARN_DEPRECATED_OBJC_IMPLEMENTATIONS = YES;
				CLANG_WARN_DIRECT_OBJC_ISA_USAGE = YES_ERROR;
				CLANG_WARN_DOCUMENTATION_COMMENTS = YES;
				CLANG_WARN_EMPTY_BODY = YES;
				CLANG_WARN_ENUM_CONVERSION = YES;
				CLANG_WARN_INFINITE_RECURSION = YES;
				CLANG_WARN_INT_CONVERSION = YES;
				CLANG_WARN_NON_LITERAL_NULL_CONVERSION = YES;
				CLANG_WARN_OBJC_IMPLICIT_RETAIN_SELF = YES;
				CLANG_WARN_OBJC_LITERAL_CONVERSION = YES;
				CLANG_WARN_OBJC_ROOT_CLASS = YES_ERROR;
				CLANG_WARN_QUOTED_INCLUDE_IN_FRAMEWORK_HEADER = YES;
				CLANG_WARN_RANGE_LOOP_ANALYSIS = YES;
				CLANG_WARN_STRICT_PROTOTYPES = YES;
				CLANG_WARN_SUSPICIOUS_MOVE = YES;
				CLANG_WARN_UNGUARDED_AVAILABILITY = YES_AGGRESSIVE;
				CLANG_WARN_UNREACHABLE_CODE = YES;
				CLANG_WARN__DUPLICATE_METHOD_MATCH = YES;
				COPY_PHASE_STRIP = NO;
				DEBUG_INFORMATION_FORMAT = dwarf;
				ENABLE_STRICT_OBJC_MSGSEND = YES;
				ENABLE_TESTABILITY = YES;
				GCC_C_LANGUAGE_STANDARD = gnu11;
				GCC_DYNAMIC_NO_PIC = NO;
				GCC_NO_COMMON_BLOCKS = YES;
				GCC_OPTIMIZATION_LEVEL = 0;
				GCC_PREPROCESSOR_DEFINITIONS = (
					"DEBUG=1",
					"$(inherited)",
				);
				GCC_WARN_64_TO_32_BIT_CONVERSION = YES;
				GCC_WARN_ABOUT_RETURN_TYPE = YES_ERROR;
				GCC_WARN_UNDECLARED_SELECTOR = YES;
				GCC_WARN_UNINITIALIZED_AUTOS = YES_AGGRESSIVE;
				GCC_WARN_UNUSED_FUNCTION = YES;
				GCC_WARN_UNUSED_VARIABLE = YES;
				IPHONEOS_DEPLOYMENT_TARGET = 16.4;
				MTL_ENABLE_DEBUG_INFO = INCLUDE_SOURCE;
				MTL_FAST_MATH = YES;
				ONLY_ACTIVE_ARCH = YES;
				SDKROOT = iphoneos;
				SWIFT_ACTIVE_COMPILATION_CONDITIONS = DEBUG;
				SWIFT_OPTIMIZATION_LEVEL = "-Onone";
			};
			name = Debug;
		};
		0D3CDFD42AB4EB6500B490CB /* Release */ = {
			isa = XCBuildConfiguration;
			buildSettings = {
				ALWAYS_SEARCH_USER_PATHS = NO;
				CLANG_ANALYZER_NONNULL = YES;
				CLANG_ANALYZER_NUMBER_OBJECT_CONVERSION = YES_AGGRESSIVE;
				CLANG_CXX_LANGUAGE_STANDARD = "gnu++20";
				CLANG_ENABLE_MODULES = YES;
				CLANG_ENABLE_OBJC_ARC = YES;
				CLANG_ENABLE_OBJC_WEAK = YES;
				CLANG_WARN_BLOCK_CAPTURE_AUTORELEASING = YES;
				CLANG_WARN_BOOL_CONVERSION = YES;
				CLANG_WARN_COMMA = YES;
				CLANG_WARN_CONSTANT_CONVERSION = YES;
				CLANG_WARN_DEPRECATED_OBJC_IMPLEMENTATIONS = YES;
				CLANG_WARN_DIRECT_OBJC_ISA_USAGE = YES_ERROR;
				CLANG_WARN_DOCUMENTATION_COMMENTS = YES;
				CLANG_WARN_EMPTY_BODY = YES;
				CLANG_WARN_ENUM_CONVERSION = YES;
				CLANG_WARN_INFINITE_RECURSION = YES;
				CLANG_WARN_INT_CONVERSION = YES;
				CLANG_WARN_NON_LITERAL_NULL_CONVERSION = YES;
				CLANG_WARN_OBJC_IMPLICIT_RETAIN_SELF = YES;
				CLANG_WARN_OBJC_LITERAL_CONVERSION = YES;
				CLANG_WARN_OBJC_ROOT_CLASS = YES_ERROR;
				CLANG_WARN_QUOTED_INCLUDE_IN_FRAMEWORK_HEADER = YES;
				CLANG_WARN_RANGE_LOOP_ANALYSIS = YES;
				CLANG_WARN_STRICT_PROTOTYPES = YES;
				CLANG_WARN_SUSPICIOUS_MOVE = YES;
				CLANG_WARN_UNGUARDED_AVAILABILITY = YES_AGGRESSIVE;
				CLANG_WARN_UNREACHABLE_CODE = YES;
				CLANG_WARN__DUPLICATE_METHOD_MATCH = YES;
				COPY_PHASE_STRIP = NO;
				DEBUG_INFORMATION_FORMAT = "dwarf-with-dsym";
				ENABLE_NS_ASSERTIONS = NO;
				ENABLE_STRICT_OBJC_MSGSEND = YES;
				GCC_C_LANGUAGE_STANDARD = gnu11;
				GCC_NO_COMMON_BLOCKS = YES;
				GCC_WARN_64_TO_32_BIT_CONVERSION = YES;
				GCC_WARN_ABOUT_RETURN_TYPE = YES_ERROR;
				GCC_WARN_UNDECLARED_SELECTOR = YES;
				GCC_WARN_UNINITIALIZED_AUTOS = YES_AGGRESSIVE;
				GCC_WARN_UNUSED_FUNCTION = YES;
				GCC_WARN_UNUSED_VARIABLE = YES;
				IPHONEOS_DEPLOYMENT_TARGET = 16.4;
				MTL_ENABLE_DEBUG_INFO = NO;
				MTL_FAST_MATH = YES;
				SDKROOT = iphoneos;
				SWIFT_COMPILATION_MODE = wholemodule;
				SWIFT_OPTIMIZATION_LEVEL = "-O";
				VALIDATE_PRODUCT = YES;
			};
			name = Release;
		};
		0D3CDFD62AB4EB6500B490CB /* Debug */ = {
			isa = XCBuildConfiguration;
			buildSettings = {
				ASSETCATALOG_COMPILER_APPICON_NAME = AppIcon;
				ASSETCATALOG_COMPILER_GLOBAL_ACCENT_COLOR_NAME = AccentColor;
				CODE_SIGN_STYLE = Automatic;
				CURRENT_PROJECT_VERSION = 1;
				DEVELOPMENT_TEAM = M3U3F43AYT;
				GENERATE_INFOPLIST_FILE = YES;
				INFOPLIST_FILE = example/Info.plist;
				INFOPLIST_KEY_UIApplicationSupportsIndirectInputEvents = YES;
				INFOPLIST_KEY_UILaunchStoryboardName = LaunchScreen;
				INFOPLIST_KEY_UIMainStoryboardFile = Main;
				INFOPLIST_KEY_UISupportedInterfaceOrientations_iPad = "UIInterfaceOrientationPortrait UIInterfaceOrientationPortraitUpsideDown UIInterfaceOrientationLandscapeLeft UIInterfaceOrientationLandscapeRight";
				INFOPLIST_KEY_UISupportedInterfaceOrientations_iPhone = "UIInterfaceOrientationPortrait UIInterfaceOrientationLandscapeLeft UIInterfaceOrientationLandscapeRight";
				LD_RUNPATH_SEARCH_PATHS = (
					"$(inherited)",
					"@executable_path/Frameworks",
				);
				MARKETING_VERSION = 1.0;
				PRODUCT_BUNDLE_IDENTIFIER = com.sejinstudy.example;
				PRODUCT_NAME = "$(TARGET_NAME)";
				SWIFT_EMIT_LOC_STRINGS = YES;
				SWIFT_VERSION = 5.0;
				TARGETED_DEVICE_FAMILY = "1,2";
			};
			name = Debug;
		};
		0D3CDFD72AB4EB6500B490CB /* Release */ = {
			isa = XCBuildConfiguration;
			buildSettings = {
				ASSETCATALOG_COMPILER_APPICON_NAME = AppIcon;
				ASSETCATALOG_COMPILER_GLOBAL_ACCENT_COLOR_NAME = AccentColor;
				CODE_SIGN_STYLE = Automatic;
				CURRENT_PROJECT_VERSION = 1;
				DEVELOPMENT_TEAM = M3U3F43AYT;
				GENERATE_INFOPLIST_FILE = YES;
				INFOPLIST_FILE = example/Info.plist;
				INFOPLIST_KEY_UIApplicationSupportsIndirectInputEvents = YES;
				INFOPLIST_KEY_UILaunchStoryboardName = LaunchScreen;
				INFOPLIST_KEY_UIMainStoryboardFile = Main;
				INFOPLIST_KEY_UISupportedInterfaceOrientations_iPad = "UIInterfaceOrientationPortrait UIInterfaceOrientationPortraitUpsideDown UIInterfaceOrientationLandscapeLeft UIInterfaceOrientationLandscapeRight";
				INFOPLIST_KEY_UISupportedInterfaceOrientations_iPhone = "UIInterfaceOrientationPortrait UIInterfaceOrientationLandscapeLeft UIInterfaceOrientationLandscapeRight";
				LD_RUNPATH_SEARCH_PATHS = (
					"$(inherited)",
					"@executable_path/Frameworks",
				);
				MARKETING_VERSION = 1.0;
				PRODUCT_BUNDLE_IDENTIFIER = com.sejinstudy.example;
				PRODUCT_NAME = "$(TARGET_NAME)";
				SWIFT_EMIT_LOC_STRINGS = YES;
				SWIFT_VERSION = 5.0;
				TARGETED_DEVICE_FAMILY = "1,2";
			};
			name = Release;
		};
		0D3CDFD92AB4EB6500B490CB /* Debug */ = {
			isa = XCBuildConfiguration;
			buildSettings = {
				ALWAYS_EMBED_SWIFT_STANDARD_LIBRARIES = YES;
				BUNDLE_LOADER = "$(TEST_HOST)";
				CODE_SIGN_STYLE = Automatic;
				CURRENT_PROJECT_VERSION = 1;
				DEVELOPMENT_TEAM = M3U3F43AYT;
				GENERATE_INFOPLIST_FILE = YES;
				IPHONEOS_DEPLOYMENT_TARGET = 16.4;
				MARKETING_VERSION = 1.0;
				PRODUCT_BUNDLE_IDENTIFIER = com.sejinstudy.exampleTests;
				PRODUCT_NAME = "$(TARGET_NAME)";
				SWIFT_EMIT_LOC_STRINGS = NO;
				SWIFT_VERSION = 5.0;
				TARGETED_DEVICE_FAMILY = "1,2";
				TEST_HOST = "$(BUILT_PRODUCTS_DIR)/example.app/$(BUNDLE_EXECUTABLE_FOLDER_PATH)/example";
			};
			name = Debug;
		};
		0D3CDFDA2AB4EB6500B490CB /* Release */ = {
			isa = XCBuildConfiguration;
			buildSettings = {
				ALWAYS_EMBED_SWIFT_STANDARD_LIBRARIES = YES;
				BUNDLE_LOADER = "$(TEST_HOST)";
				CODE_SIGN_STYLE = Automatic;
				CURRENT_PROJECT_VERSION = 1;
				DEVELOPMENT_TEAM = M3U3F43AYT;
				GENERATE_INFOPLIST_FILE = YES;
				IPHONEOS_DEPLOYMENT_TARGET = 16.4;
				MARKETING_VERSION = 1.0;
				PRODUCT_BUNDLE_IDENTIFIER = com.sejinstudy.exampleTests;
				PRODUCT_NAME = "$(TARGET_NAME)";
				SWIFT_EMIT_LOC_STRINGS = NO;
				SWIFT_VERSION = 5.0;
				TARGETED_DEVICE_FAMILY = "1,2";
				TEST_HOST = "$(BUILT_PRODUCTS_DIR)/example.app/$(BUNDLE_EXECUTABLE_FOLDER_PATH)/example";
			};
			name = Release;
		};
		0D3CDFDC2AB4EB6500B490CB /* Debug */ = {
			isa = XCBuildConfiguration;
			buildSettings = {
				ALWAYS_EMBED_SWIFT_STANDARD_LIBRARIES = YES;
				CODE_SIGN_STYLE = Automatic;
				CURRENT_PROJECT_VERSION = 1;
				DEVELOPMENT_TEAM = M3U3F43AYT;
				GENERATE_INFOPLIST_FILE = YES;
				MARKETING_VERSION = 1.0;
				PRODUCT_BUNDLE_IDENTIFIER = com.sejinstudy.exampleUITests;
				PRODUCT_NAME = "$(TARGET_NAME)";
				SWIFT_EMIT_LOC_STRINGS = NO;
				SWIFT_VERSION = 5.0;
				TARGETED_DEVICE_FAMILY = "1,2";
				TEST_TARGET_NAME = example;
			};
			name = Debug;
		};
		0D3CDFDD2AB4EB6500B490CB /* Release */ = {
			isa = XCBuildConfiguration;
			buildSettings = {
				ALWAYS_EMBED_SWIFT_STANDARD_LIBRARIES = YES;
				CODE_SIGN_STYLE = Automatic;
				CURRENT_PROJECT_VERSION = 1;
				DEVELOPMENT_TEAM = M3U3F43AYT;
				GENERATE_INFOPLIST_FILE = YES;
				MARKETING_VERSION = 1.0;
				PRODUCT_BUNDLE_IDENTIFIER = com.sejinstudy.exampleUITests;
				PRODUCT_NAME = "$(TARGET_NAME)";
				SWIFT_EMIT_LOC_STRINGS = NO;
				SWIFT_VERSION = 5.0;
				TARGETED_DEVICE_FAMILY = "1,2";
				TEST_TARGET_NAME = example;
			};
			name = Release;
		};
/* End XCBuildConfiguration section */

/* Begin XCConfigurationList section */
		0D3CDFA62AB4EB6300B490CB /* Build configuration list for PBXProject "example" */ = {
			isa = XCConfigurationList;
			buildConfigurations = (
				0D3CDFD32AB4EB6500B490CB /* Debug */,
				0D3CDFD42AB4EB6500B490CB /* Release */,
			);
			defaultConfigurationIsVisible = 0;
			defaultConfigurationName = Release;
		};
		0D3CDFD52AB4EB6500B490CB /* Build configuration list for PBXNativeTarget "example" */ = {
			isa = XCConfigurationList;
			buildConfigurations = (
				0D3CDFD62AB4EB6500B490CB /* Debug */,
				0D3CDFD72AB4EB6500B490CB /* Release */,
			);
			defaultConfigurationIsVisible = 0;
			defaultConfigurationName = Release;
		};
		0D3CDFD82AB4EB6500B490CB /* Build configuration list for PBXNativeTarget "exampleTests" */ = {
			isa = XCConfigurationList;
			buildConfigurations = (
				0D3CDFD92AB4EB6500B490CB /* Debug */,
				0D3CDFDA2AB4EB6500B490CB /* Release */,
			);
			defaultConfigurationIsVisible = 0;
			defaultConfigurationName = Release;
		};
		0D3CDFDB2AB4EB6500B490CB /* Build configuration list for PBXNativeTarget "exampleUITests" */ = {
			isa = XCConfigurationList;
			buildConfigurations = (
				0D3CDFDC2AB4EB6500B490CB /* Debug */,
				0D3CDFDD2AB4EB6500B490CB /* Release */,
			);
			defaultConfigurationIsVisible = 0;
			defaultConfigurationName = Release;
		};
/* End XCConfigurationList section */
	};
	rootObject = 0D3CDFA32AB4EB6300B490CB /* Project object */;
}
